# Generated by pub
# See https://dart.dev/tools/pub/glossary#lockfile
packages:
  _fe_analyzer_shared:
    dependency: transitive
    description:
      name: _fe_analyzer_shared
      sha256: b649a12ea6b0a1e1c6e350e7b7da0b5fe383227957d9a4477d7d112d64cec24d
      url: "https://pub.dev"
    source: hosted
    version: "17.0.0"
  analyzer:
    dependency: transitive
    description:
      name: analyzer
      sha256: "5913aa5390d8a4b81a1a95633a521fd05eda4e161a353e11082e0574c4498c7c"
      url: "https://pub.dev"
    source: hosted
    version: "1.1.0"
  args:
    dependency: transitive
    description:
      name: args
      sha256: "37a4264b0b7fb930e94c0c47558f3b6c4f4e9cb7e655a3ea373131d79b2dc0cc"
      url: "https://pub.dev"
    source: hosted
    version: "2.0.0"
  async:
    dependency: transitive
    description:
      name: async
      sha256: "6eda8392a48ae1de7ea438c91a4ba3e77205f043e7013102a424863aa6db368f"
      url: "https://pub.dev"
    source: hosted
    version: "2.5.0"
  boolean_selector:
    dependency: transitive
    description:
      name: boolean_selector
      sha256: "5bbf32bc9e518d41ec49718e2931cd4527292c9b0c6d2dffcf7fe6b9a8a8cf72"
      url: "https://pub.dev"
    source: hosted
    version: "2.1.0"
  characters:
    dependency: transitive
    description:
      name: characters
      sha256: "04a925763edad70e8443c99234dc3328f442e811f1d8fd1a72f1c8ad0f69a605"
      url: "https://pub.dev"
    source: hosted
    version: "1.3.0"
  charcode:
    dependency: transitive
    description:
      name: charcode
      sha256: "8e36feea6de5ea69f2199f29cf42a450a855738c498b57c0b980e2d3cca9c362"
      url: "https://pub.dev"
    source: hosted
    version: "1.2.0"
  cli_util:
    dependency: transitive
    description:
      name: cli_util
      sha256: cf1c02840bbbcf8fcd13feb5933c62d643cc58ddf4f6088707cf48d1892cbc5d
      url: "https://pub.dev"
    source: hosted
    version: "0.3.0"
  clock:
    dependency: transitive
    description:
      name: clock
      sha256: cb6d7f03e1de671e34607e909a7213e31d7752be4fb66a86d29fe1eb14bfb5cf
      url: "https://pub.dev"
    source: hosted
    version: "1.1.1"
  collection:
    dependency: transitive
    description:
      name: collection
      sha256: "4a07be6cb69c84d677a6c3096fcf960cc3285a8330b4603e0d463d15d9bd934c"
      url: "https://pub.dev"
    source: hosted
    version: "1.17.1"
  convert:
    dependency: transitive
    description:
      name: convert
      sha256: df567b950053d83b4dba3e8c5799c411895d146f82b2147114b666a4fd9a80dd
      url: "https://pub.dev"
    source: hosted
    version: "3.0.0"
  coverage:
    dependency: transitive
    description:
      name: coverage
      sha256: f63518ac8e08ea3288130fbc276ca7e66ce2298e04462ab1460038ad22fb3747
      url: "https://pub.dev"
    source: hosted
    version: "1.0.1"
  cross_file:
    dependency: transitive
    description:
      name: cross_file
      sha256: "5388c401d0a12412f95c9ab01d358b03854da532f8f9189034d3187644e44da4"
      url: "https://pub.dev"
    source: hosted
    version: "0.3.1+5"
  crypto:
    dependency: transitive
    description:
      name: crypto
      sha256: "8be10341257b613566fdc9fd073c46f7c032ed329b1c732bda17aca29f2366c8"
      url: "https://pub.dev"
    source: hosted
    version: "3.0.0"
  ffi:
    dependency: transitive
    description:
      name: ffi
      sha256: d97fffd9d86f3dccc7a9059128b468a99320c69007cc9d41a3a1bda07d4e86dc
      url: "https://pub.dev"
    source: hosted
    version: "1.0.0"
  file:
    dependency: transitive
    description:
      name: file
      sha256: "9fd2163d866769f60f4df8ac1dc59f52498d810c356fe78022e383dd3c57c0e1"
      url: "https://pub.dev"
    source: hosted
    version: "6.1.0"
  file_selector_linux:
    dependency: transitive
    description:
      name: file_selector_linux
      sha256: d17c5e450192cdc40b718804dfb4eaf79a71bed60ee9530703900879ba50baa3
      url: "https://pub.dev"
    source: hosted
    version: "0.9.1+3"
  file_selector_macos:
    dependency: transitive
    description:
      name: file_selector_macos
      sha256: "6290eec24fc4cc62535fe609e0c6714d3c1306191dc8c3b0319eaecc09423a3a"
      url: "https://pub.dev"
    source: hosted
    version: "0.9.2"
  file_selector_platform_interface:
    dependency: transitive
    description:
      name: file_selector_platform_interface
      sha256: "2a7f4bbf7bd2f022ecea85bfb1754e87f7dd403a9abc17a84a4fa2ddfe2abc0a"
      url: "https://pub.dev"
    source: hosted
    version: "2.5.1"
  file_selector_windows:
    dependency: transitive
    description:
      name: file_selector_windows
      sha256: ef246380b66d1fb9089fc65622c387bf3780bca79f533424c31d07f12c2c7fd8
      url: "https://pub.dev"
    source: hosted
    version: "0.9.2"
  flutter:
    dependency: "direct main"
    description: flutter
    source: sdk
    version: "0.0.0"
  flutter_cache_manager:
    dependency: "direct main"
    description:
      name: flutter_cache_manager
      sha256: "32cd900555219333326a2d0653aaaf8671264c29befa65bbd9856d204a4c9fb3"
      url: "https://pub.dev"
    source: hosted
    version: "3.3.0"
  flutter_localizations:
    dependency: "direct main"
    description: flutter
    source: sdk
    version: "0.0.0"
  flutter_plugin_android_lifecycle:
    dependency: transitive
    description:
      name: flutter_plugin_android_lifecycle
      sha256: "980006844329e03b36d661862282fed863e5ea60aaf9ec6d4c91a160d651ab9c"
      url: "https://pub.dev"
    source: hosted
    version: "2.0.3"
  flutter_web_plugins:
    dependency: transitive
    description: flutter
    source: sdk
    version: "0.0.0"
  glob:
    dependency: transitive
    description:
      name: glob
      sha256: "36a6ea2cac1f93742ecee02250fb498122c0993eb948120ff0dbef6cd694beb8"
      url: "https://pub.dev"
    source: hosted
    version: "2.0.0"
  http:
    dependency: transitive
    description:
      name: http
      sha256: "0a48a4e44ec1b6a52eb93b12d129f5b74ee6dbb27703439c965f1bd86f7be59f"
      url: "https://pub.dev"
    source: hosted
    version: "0.13.0"
  http_multi_server:
    dependency: transitive
    description:
      name: http_multi_server
      sha256: ac10cae1b9a06fb638a92a72b00570bac856f524f7ee0d9a13eaed4960c7fd43
      url: "https://pub.dev"
    source: hosted
    version: "3.0.0"
  http_parser:
    dependency: transitive
    description:
      name: http_parser
      sha256: e362d639ba3bc07d5a71faebb98cde68c05bfbcfbbb444b60b6f60bb67719185
      url: "https://pub.dev"
    source: hosted
    version: "4.0.0"
  image_picker:
    dependency: "direct main"
    description:
      name: image_picker
      sha256: b6951e25b795d053a6ba03af5f710069c99349de9341af95155d52665cb4607c
      url: "https://pub.dev"
    source: hosted
    version: "0.8.9"
  image_picker_android:
    dependency: transitive
    description:
      name: image_picker_android
      sha256: "216dbfb6609e46f78613b8913d046a162588ad4f34909ae7bf85e9f94ea6d922"
      url: "https://pub.dev"
    source: hosted
    version: "0.8.7"
  image_picker_for_web:
    dependency: transitive
    description:
      name: image_picker_for_web
      sha256: "111b14052ba8a06528487abcb579c152efee06c33b5d109154ce424d97139e10"
      url: "https://pub.dev"
    source: hosted
    version: "2.1.3"
  image_picker_ios:
    dependency: transitive
    description:
      name: image_picker_ios
      sha256: b3e2f21feb28b24dd73a35d7ad6e83f568337c70afab5eabac876e23803f264b
      url: "https://pub.dev"
    source: hosted
    version: "0.8.8"
  image_picker_linux:
    dependency: transitive
    description:
      name: image_picker_linux
      sha256: "02cbc21fe1706b97942b575966e5fbbeaac535e76deef70d3a242e4afb857831"
      url: "https://pub.dev"
    source: hosted
    version: "0.2.1"
  image_picker_macos:
    dependency: transitive
    description:
      name: image_picker_macos
      sha256: cee2aa86c56780c13af2c77b5f2f72973464db204569e1ba2dd744459a065af4
      url: "https://pub.dev"
    source: hosted
    version: "0.2.1"
  image_picker_platform_interface:
    dependency: transitive
    description:
      name: image_picker_platform_interface
      sha256: "7c7b96bb9413a9c28229e717e6fd1e3edd1cc5569c1778fcca060ecf729b65ee"
      url: "https://pub.dev"
    source: hosted
    version: "2.8.0"
  image_picker_windows:
    dependency: transitive
    description:
      name: image_picker_windows
      sha256: c3066601ea42113922232c7b7b3330a2d86f029f685bba99d82c30e799914952
      url: "https://pub.dev"
    source: hosted
    version: "0.2.1"
  intl:
    dependency: "direct main"
    description:
      name: intl
      sha256: a3715e3bc90294e971cb7dc063fbf3cd9ee0ebf8604ffeafabd9e6f16abbdbe6
      url: "https://pub.dev"
    source: hosted
    version: "0.18.0"
  io:
    dependency: transitive
    description:
      name: io
      sha256: "15a5436d2a02dc60e6dc2fb5d7dfaac08b7b137cff3d4bf3158d38ecab656b69"
      url: "https://pub.dev"
    source: hosted
    version: "1.0.0"
  js:
    dependency: transitive
    description:
      name: js
      sha256: f2c445dce49627136094980615a031419f7f3eb393237e4ecd97ac15dea343f3
      url: "https://pub.dev"
    source: hosted
    version: "0.6.7"
  logging:
    dependency: transitive
    description:
      name: logging
      sha256: "3730d4c02b0c2d1db80ef9904e27fa796d75474f572a70011e0e616ee6bfc0ff"
      url: "https://pub.dev"
    source: hosted
    version: "1.0.0"
  matcher:
    dependency: transitive
    description:
      name: matcher
      sha256: "38c7be344ac5057e10161a5ecb00c9d9d67ed2f150001278601dd27d9fe64206"
      url: "https://pub.dev"
    source: hosted
    version: "0.12.10"
  material_color_utilities:
    dependency: transitive
    description:
      name: material_color_utilities
      sha256: d92141dc6fe1dad30722f9aa826c7fbc896d021d792f80678280601aff8cf724
      url: "https://pub.dev"
    source: hosted
    version: "0.2.0"
  meta:
    dependency: transitive
    description:
      name: meta
      sha256: "3c74dbf8763d36539f114c799d8a2d87343b5067e9d796ca22b5eb8437090ee3"
      url: "https://pub.dev"
    source: hosted
    version: "1.9.1"
  mime:
    dependency: transitive
    description:
      name: mime
      sha256: a7a98ea7f366e2cc9d2b20873815aebec5e2bc124fe0da9d3f7f59b0625ea180
      url: "https://pub.dev"
    source: hosted
    version: "1.0.0"
  node_preamble:
    dependency: transitive
    description:
      name: node_preamble
      sha256: c133f761a6a790d0b000efa4f74eae9700bb6e9e9f5e996f0e8d6fe92703ced6
      url: "https://pub.dev"
    source: hosted
    version: "2.0.0"
  package_config:
    dependency: transitive
    description:
      name: package_config
      sha256: "20e7154d701fedaeb219dad732815ecb66677667871127998a9a6581c2aba4ba"
      url: "https://pub.dev"
    source: hosted
    version: "2.0.0"
  path:
    dependency: transitive
    description:
      name: path
      sha256: "8829d8a55c13fc0e37127c29fedf290c102f4e40ae94ada574091fe0ff96c917"
      url: "https://pub.dev"
    source: hosted
    version: "1.8.3"
  path_provider:
    dependency: transitive
    description:
      name: path_provider
      sha256: aa1b3572707c240d72569ce01756728cf0c8dca0cc381253d8ca2858c13edfe4
      url: "https://pub.dev"
    source: hosted
    version: "2.0.1"
  path_provider_linux:
    dependency: transitive
    description:
      name: path_provider_linux
      sha256: "938d2b6591587bcb009d2109a6ea464fd8fb2a75dc6423171b0d0afb1d27c708"
      url: "https://pub.dev"
    source: hosted
    version: "2.0.0"
  path_provider_macos:
    dependency: transitive
    description:
      name: path_provider_macos
      sha256: eb58b896ea3a504f0b0fa7870646bda6935a6f752b2a54df33f97070dacca8d4
      url: "https://pub.dev"
    source: hosted
    version: "2.0.0"
  path_provider_platform_interface:
    dependency: transitive
    description:
      name: path_provider_platform_interface
      sha256: c2af5a8a6369992d915f8933dfc23172071001359d17896e83db8be57db8a397
      url: "https://pub.dev"
    source: hosted
    version: "2.0.1"
  path_provider_windows:
    dependency: transitive
    description:
      name: path_provider_windows
      sha256: ecd4d04c225596bcf0fbb86408a1f40084a02dfa412e60172ad52a7f12a781ef
      url: "https://pub.dev"
    source: hosted
    version: "2.0.0"
  pedantic:
    dependency: transitive
    description:
      name: pedantic
      sha256: "8f6460c77a98ad2807cd3b98c67096db4286f56166852d0ce5951bb600a63594"
      url: "https://pub.dev"
    source: hosted
    version: "1.11.0"
  photo_view:
    dependency: "direct main"
    description:
      name: photo_view
      sha256: "8036802a00bae2a78fc197af8a158e3e2f7b500561ed23b4c458107685e645bb"
      url: "https://pub.dev"
    source: hosted
    version: "0.14.0"
  platform:
    dependency: transitive
    description:
      name: platform
      sha256: ebc79f16b5f6b609aad4a5e63447d4795d16f7adee46e93ed03200848c006735
      url: "https://pub.dev"
    source: hosted
    version: "3.0.0"
  plugin_platform_interface:
    dependency: transitive
    description:
      name: plugin_platform_interface
      sha256: "6a2128648c854906c53fa8e33986fc0247a1116122f9534dd20e3ab9e16a32bc"
      url: "https://pub.dev"
    source: hosted
    version: "2.1.4"
  pool:
    dependency: transitive
    description:
      name: pool
      sha256: "05955e3de2683e1746222efd14b775df7131139e07695dc8e24650f6b4204504"
      url: "https://pub.dev"
    source: hosted
    version: "1.5.0"
  process:
    dependency: transitive
    description:
      name: process
      sha256: c7b9f7d8a6ee4407ab4f8a7d4a951f8f5659c40df14c0924e2e97c32372e9b14
      url: "https://pub.dev"
    source: hosted
    version: "4.1.0"
  pub_semver:
    dependency: transitive
    description:
      name: pub_semver
      sha256: "59ed538734419e81f7fc18c98249ae72c3c7188bdd9dceff2840585227f79843"
      url: "https://pub.dev"
    source: hosted
    version: "2.0.0"
  rxdart:
    dependency: transitive
    description:
      name: rxdart
      sha256: "2ef8b4e91cb3b55d155e0e34eeae0ac7107974e451495c955ac04ddee8cc21fd"
      url: "https://pub.dev"
    source: hosted
    version: "0.26.0"
  shelf:
    dependency: transitive
    description:
      name: shelf
      sha256: c0710a5ca61f1a96e9aae37081040f537c1b96265040edeb70c8817a10d361c6
      url: "https://pub.dev"
    source: hosted
    version: "1.0.0"
  shelf_packages_handler:
    dependency: transitive
    description:
      name: shelf_packages_handler
      sha256: e0b44ebddec91e70a713e13adf93c1b2100821303b86a18e1ef1d082bd8bd9b8
      url: "https://pub.dev"
    source: hosted
    version: "3.0.0"
  shelf_static:
    dependency: transitive
    description:
      name: shelf_static
      sha256: "8584c0aa0f5756a61519b1a2fc2cd22ddbc518e9396bd33ebf06b9836bb23d13"
      url: "https://pub.dev"
    source: hosted
    version: "1.0.0"
  shelf_web_socket:
    dependency: transitive
    description:
      name: shelf_web_socket
      sha256: "520368a1a49798425310ca0ee28eb92b3c737e4e9d173c31b6c66fe090ebc6fc"
      url: "https://pub.dev"
    source: hosted
    version: "1.0.0"
  sky_engine:
    dependency: transitive
    description: flutter
    source: sdk
    version: "0.0.99"
  source_map_stack_trace:
    dependency: transitive
    description:
      name: source_map_stack_trace
      sha256: "8c463326277f68a628abab20580047b419c2ff66756fd0affd451f73f9508c11"
      url: "https://pub.dev"
    source: hosted
    version: "2.1.0"
  source_maps:
    dependency: transitive
    description:
      name: source_maps
      sha256: "52de2200bb098de739794c82d09c41ac27b2e42fd7e23cce7b9c74bf653c7296"
      url: "https://pub.dev"
    source: hosted
    version: "0.10.10"
  source_span:
    dependency: transitive
    description:
      name: source_span
      sha256: d5f89a9e52b36240a80282b3dc0667dd36e53459717bb17b8fb102d30496606a
      url: "https://pub.dev"
    source: hosted
    version: "1.8.1"
  sqflite:
    dependency: transitive
    description:
      name: sqflite
      sha256: "643ab681a84d299bb5b661995668008e732f0577725b5be50d1dd25c1ed42d53"
      url: "https://pub.dev"
    source: hosted
    version: "2.0.0+3"
  sqflite_common:
    dependency: transitive
    description:
      name: sqflite_common
      sha256: "36ea17634b9e82a968942750a1ce75ecc64d918b8537545aa6b0cbfffb70c1dd"
      url: "https://pub.dev"
    source: hosted
    version: "2.0.0+1"
  stack_trace:
    dependency: transitive
    description:
      name: stack_trace
      sha256: f8d9f247e2f9f90e32d1495ff32dac7e4ae34ffa7194c5ff8fcc0fd0e52df774
      url: "https://pub.dev"
    source: hosted
    version: "1.10.0"
  stream_channel:
    dependency: transitive
    description:
      name: stream_channel
      sha256: db47e4797198ee601990820437179bb90219f918962318d494ada2b4b11e6f6d
      url: "https://pub.dev"
    source: hosted
    version: "2.1.0"
  string_scanner:
    dependency: transitive
    description:
      name: string_scanner
      sha256: dd11571b8a03f7cadcf91ec26a77e02bfbd6bbba2a512924d3116646b4198fc4
      url: "https://pub.dev"
    source: hosted
    version: "1.1.0"
  synchronized:
    dependency: transitive
    description:
      name: synchronized
      sha256: "271977ff1e9e82ceefb4f08424b8839f577c1852e0726b5ce855311b46d3ef83"
      url: "https://pub.dev"
    source: hosted
    version: "3.0.0"
  term_glyph:
    dependency: transitive
    description:
      name: term_glyph
      sha256: a88162591b02c1f3a3db3af8ce1ea2b374bd75a7bb8d5e353bcfbdc79d719830
      url: "https://pub.dev"
    source: hosted
    version: "1.2.0"
  test:
    dependency: "direct dev"
    description:
      name: test
      sha256: cc202a931440144be01eabd14b795e05bd3a585b58b4cd0ef94162f95d10f21d
      url: "https://pub.dev"
    source: hosted
    version: "1.16.7"
  test_api:
    dependency: transitive
    description:
      name: test_api
      sha256: "9ddd24ec429417cfffd744115508a95f0ee956ec02a2d972dd7fbfbfe047cf45"
      url: "https://pub.dev"
    source: hosted
    version: "0.3.0"
  test_core:
    dependency: transitive
    description:
      name: test_core
      sha256: "8c59d5e45f3cf84060b439810c1d98960886bb9ac96671d73aa9e58b787623be"
      url: "https://pub.dev"
    source: hosted
    version: "0.3.18"
  typed_data:
    dependency: transitive
    description:
      name: typed_data
      sha256: "53bdf7e979cfbf3e28987552fd72f637e63f3c8724c9e56d9246942dc2fa36ee"
      url: "https://pub.dev"
    source: hosted
    version: "1.3.0"
  uuid:
    dependency: transitive
    description:
      name: uuid
      sha256: "29aa6310432a6fc0b8e2f1e8ef21f28da128cb65d80a335e2354b99435e99d50"
      url: "https://pub.dev"
    source: hosted
    version: "3.0.1"
  vector_math:
    dependency: transitive
    description:
      name: vector_math
      sha256: "80b3257d1492ce4d091729e3a67a60407d227c27241d6927be0130c98e741803"
      url: "https://pub.dev"
    source: hosted
    version: "2.1.4"
  vm_service:
    dependency: transitive
    description:
      name: vm_service
      sha256: "9a71c98ff3cb902be7d6df76d0e14c41d2f1727a1fc38b7c354fe03abb5c1753"
      url: "https://pub.dev"
    source: hosted
    version: "6.1.0+1"
  watcher:
    dependency: transitive
    description:
      name: watcher
      sha256: "68173f2fa67d241323a4123be7ed4e43424c54befa5505d71c8ad4b7baf8f71d"
      url: "https://pub.dev"
    source: hosted
    version: "1.0.0"
  web_socket_channel:
    dependency: transitive
    description:
      name: web_socket_channel
      sha256: "500e6014efebd305a30ebf1c6006d13faa82dcd85c7a2a7793679a64ed69ec48"
      url: "https://pub.dev"
    source: hosted
    version: "2.0.0"
  webkit_inspection_protocol:
    dependency: transitive
    description:
      name: webkit_inspection_protocol
      sha256: "5adb6ab8ed14e22bb907aae7338f0c206ea21e7a27004e97664b16c120306f00"
      url: "https://pub.dev"
    source: hosted
    version: "1.0.0"
  win32:
    dependency: transitive
    description:
      name: win32
      sha256: c6a3f4e4058b70b46e27b2935de2d1562c50680e7fb44833911d981db73826c2
      url: "https://pub.dev"
    source: hosted
    version: "2.0.0"
  xdg_directories:
    dependency: transitive
    description:
      name: xdg_directories
      sha256: "0186b3f2d66be9a12b0295bddcf8b6f8c0b0cc2f85c6287344e2a6366bc28457"
      url: "https://pub.dev"
    source: hosted
    version: "0.2.0"
  yaml:
    dependency: transitive
    description:
      name: yaml
      sha256: "3cee79b1715110341012d27756d9bae38e650588acd38d3f3c610822e1337ace"
      url: "https://pub.dev"
    source: hosted
    version: "3.1.0"
sdks:
  dart: ">=3.0.0-0 <4.0.0"
  flutter: ">=3.3.0"
